
Microsoft Visual Studio Solution File, Format Version 12.00
# Visual Studio Version 17
VisualStudioVersion = 17.14.36705.20 d17.14
MinimumVisualStudioVersion = 10.0.40219.1
Project("{FAE04EC0-301F-11D3-BF4B-00C04F79EFBC}") = "BookStoreApi", "BookStoreApi.csproj", "{6C1F9DC6-86FA-43A6-A1FE-D825986B583A}"
EndProject
Global
	GlobalSection(SolutionConfigurationPlatforms) = preSolution
		Debug|Any CPU = Debug|Any CPU
		Release|Any CPU = Release|Any CPU
	EndGlobalSection
	GlobalSection(ProjectConfigurationPlatforms) = postSolution
		{6C1F9DC6-86FA-43A6-A1FE-D825986B583A}.Debug|Any CPU.ActiveCfg = Debug|Any CPU
		{6C1F9DC6-86FA-43A6-A1FE-D825986B583A}.Debug|Any CPU.Build.0 = Debug|Any CPU
		{6C1F9DC6-86FA-43A6-A1FE-D825986B583A}.Release|Any CPU.ActiveCfg = Release|Any CPU
		{6C1F9DC6-86FA-43A6-A1FE-D825986B583A}.Release|Any CPU.Build.0 = Release|Any CPU
	EndGlobalSection
	GlobalSection(SolutionProperties) = preSolution
		HideSolutionNode = FALSE
	EndGlobalSection
	GlobalSection(ExtensibilityGlobals) = postSolution
		SolutionGuid = {6D48E654-084A-4FF1-86F2-B5E3D8C26646}
	EndGlobalSection
EndGlobal
